
Microsoft Visual Studio Solution File, Format Version 12.00
# Visual Studio Version 17
VisualStudioVersion = 17.7.34018.315
MinimumVisualStudioVersion = 10.0.40219.1
Project("{FAE04EC0-301F-11D3-BF4B-00C04F79EFBC}") = "Pregunta3", "Pregunta3\Pregunta3.csproj", "{BC1B6EA3-3BE6-4B31-8DCE-98F93754F945}"
EndProject
Global
	GlobalSection(SolutionConfigurationPlatforms) = preSolution
		Debug|Any CPU = Debug|Any CPU
		Release|Any CPU = Release|Any CPU
	EndGlobalSection
	GlobalSection(ProjectConfigurationPlatforms) = postSolution
		{BC1B6EA3-3BE6-4B31-8DCE-98F93754F945}.Debug|Any CPU.ActiveCfg = Debug|Any CPU
		{BC1B6EA3-3BE6-4B31-8DCE-98F93754F945}.Debug|Any CPU.Build.0 = Debug|Any CPU
		{BC1B6EA3-3BE6-4B31-8DCE-98F93754F945}.Release|Any CPU.ActiveCfg = Release|Any CPU
		{BC1B6EA3-3BE6-4B31-8DCE-98F93754F945}.Release|Any CPU.Build.0 = Release|Any CPU
	EndGlobalSection
	GlobalSection(SolutionProperties) = preSolution
		HideSolutionNode = FALSE
	EndGlobalSection
	GlobalSection(ExtensibilityGlobals) = postSolution
		SolutionGuid = {A66363B3-C9BC-4C82-A499-48892C6BE499}
	EndGlobalSection
EndGlobal
